{
  "requires": true,
  "lockfileVersion": 1,
  "dependencies": {
    "es6-tween": {
      "version": "5.0.5",
      "resolved": "https://registry.npmjs.org/es6-tween/-/es6-tween-5.0.5.tgz",
      "integrity": "sha512-RPzMpnbqIOjrjC9sNNEEmyJJcLhM6sNDKO4St4RaHyhnamH4CDSQs5aeS+/+/+BAMPf0EYHtGV/eYdDccyVsVg=="
    }
  }
}
